
Microsoft Visual Studio Solution File, Format Version 12.00
# Visual Studio Version 17
VisualStudioVersion = 17.2.32630.192
MinimumVisualStudioVersion = 10.0.40219.1
Project("{9A19103F-16F7-4668-BE54-9A1E7A4F7556}") = "WebReg.Reporter", "WebReg.Reporter\WebReg.Reporter.csproj", "{C01995ED-62FA-40FC-A687-5C7E0E1F8D26}"
EndProject
Project("{2150E333-8FDC-42A3-9474-1A3956D46DE8}") = "Domain", "Domain", "{256EF08A-1F0F-45EE-8126-5CE69588C9C0}"
EndProject
Project("{FAE04EC0-301F-11D3-BF4B-00C04F79EFBC}") = "WebReg.Reporter.Domain.Contracts", "WebReg.Reporter.Domain.Contracts\WebReg.Reporter.Domain.Contracts.csproj", "{79C93315-EA97-4E0B-96D1-895B0AE5A515}"
EndProject
Project("{FAE04EC0-301F-11D3-BF4B-00C04F79EFBC}") = "WebReg.Reporter.Domain.Implementations", "WebReg.Reporter.Domain.Implementations\WebReg.Reporter.Domain.Implementations.csproj", "{873F4397-0F04-4DC9-B073-78C3D82549D0}"
EndProject
Global
	GlobalSection(SolutionConfigurationPlatforms) = preSolution
		Debug|Any CPU = Debug|Any CPU
		Release|Any CPU = Release|Any CPU
	EndGlobalSection
	GlobalSection(ProjectConfigurationPlatforms) = postSolution
		{C01995ED-62FA-40FC-A687-5C7E0E1F8D26}.Debug|Any CPU.ActiveCfg = Debug|Any CPU
		{C01995ED-62FA-40FC-A687-5C7E0E1F8D26}.Debug|Any CPU.Build.0 = Debug|Any CPU
		{C01995ED-62FA-40FC-A687-5C7E0E1F8D26}.Release|Any CPU.ActiveCfg = Release|Any CPU
		{C01995ED-62FA-40FC-A687-5C7E0E1F8D26}.Release|Any CPU.Build.0 = Release|Any CPU
		{79C93315-EA97-4E0B-96D1-895B0AE5A515}.Debug|Any CPU.ActiveCfg = Debug|Any CPU
		{79C93315-EA97-4E0B-96D1-895B0AE5A515}.Debug|Any CPU.Build.0 = Debug|Any CPU
		{79C93315-EA97-4E0B-96D1-895B0AE5A515}.Release|Any CPU.ActiveCfg = Release|Any CPU
		{79C93315-EA97-4E0B-96D1-895B0AE5A515}.Release|Any CPU.Build.0 = Release|Any CPU
		{873F4397-0F04-4DC9-B073-78C3D82549D0}.Debug|Any CPU.ActiveCfg = Debug|Any CPU
		{873F4397-0F04-4DC9-B073-78C3D82549D0}.Debug|Any CPU.Build.0 = Debug|Any CPU
		{873F4397-0F04-4DC9-B073-78C3D82549D0}.Release|Any CPU.ActiveCfg = Release|Any CPU
		{873F4397-0F04-4DC9-B073-78C3D82549D0}.Release|Any CPU.Build.0 = Release|Any CPU
	EndGlobalSection
	GlobalSection(SolutionProperties) = preSolution
		HideSolutionNode = FALSE
	EndGlobalSection
	GlobalSection(NestedProjects) = preSolution
		{79C93315-EA97-4E0B-96D1-895B0AE5A515} = {256EF08A-1F0F-45EE-8126-5CE69588C9C0}
		{873F4397-0F04-4DC9-B073-78C3D82549D0} = {256EF08A-1F0F-45EE-8126-5CE69588C9C0}
	EndGlobalSection
	GlobalSection(ExtensibilityGlobals) = postSolution
		SolutionGuid = {D2BA94EF-68E9-4DD4-9101-F342D902224A}
	EndGlobalSection
EndGlobal
